
Microsoft Visual Studio Solution File, Format Version 12.00
# Visual Studio Version 17
VisualStudioVersion = 17.0.31912.275
MinimumVisualStudioVersion = 10.0.40219.1
Project("{FAE04EC0-301F-11D3-BF4B-00C04F79EFBC}") = "dotnet-emi-calc", "dotnet-emi-calc.csproj", "{46B326CB-DFED-4DE2-97E2-47BDBCE76F31}"
EndProject
Global
	GlobalSection(SolutionConfigurationPlatforms) = preSolution
		Debug|Any CPU = Debug|Any CPU
		Release|Any CPU = Release|Any CPU
	EndGlobalSection
	GlobalSection(ProjectConfigurationPlatforms) = postSolution
		{46B326CB-DFED-4DE2-97E2-47BDBCE76F31}.Debug|Any CPU.ActiveCfg = Debug|Any CPU
		{46B326CB-DFED-4DE2-97E2-47BDBCE76F31}.Debug|Any CPU.Build.0 = Debug|Any CPU
		{46B326CB-DFED-4DE2-97E2-47BDBCE76F31}.Release|Any CPU.ActiveCfg = Release|Any CPU
		{46B326CB-DFED-4DE2-97E2-47BDBCE76F31}.Release|Any CPU.Build.0 = Release|Any CPU
	EndGlobalSection
	GlobalSection(SolutionProperties) = preSolution
		HideSolutionNode = FALSE
	EndGlobalSection
	GlobalSection(ExtensibilityGlobals) = postSolution
		SolutionGuid = {4354CC87-9300-4A15-83F7-E6114502FF29}
	EndGlobalSection
EndGlobal
